<?xml version="1.0" encoding="utf-8"?>
<Project ToolsVersion="4.0" xmlns="http://schemas.microsoft.com/developer/msbuild/2003">
  <ItemGroup>
    <Filter Include="libs">
      <UniqueIdentifier>{af24c338-e0d9-426f-af10-8eb887ba779f}</UniqueIdentifier>
    </Filter>
    <Filter Include="libs\getopt">
      <UniqueIdentifier>{60cd1a3c-f861-4af0-8a91-ab778520ebe8}</UniqueIdentifier>
    </Filter>
    <Filter Include="docs">
      <UniqueIdentifier>{a60f5b8c-d6e8-4e3d-93ec-40bbfe934b02}</UniqueIdentifier>
    </Filter>
    <Filter Include="src">
      <UniqueIdentifier>{4FC737F1-C7A5-4376-A066-2A32D752A2FF}</UniqueIdentifier>
      <Extensions>cpp;c;cc;cxx;def;odl;idl;hpj;bat;asm;asmx</Extensions>
    </Filter>
    <Filter Include="res">
      <UniqueIdentifier>{67DA6AB6-F800-4c08-8B7A-83BB121AAD01}</UniqueIdentifier>
      <Extensions>rc;ico;cur;bmp;dlg;rc2;rct;bin;rgs;gif;jpg;jpeg;jpe;resx;tiff;tif;png;wav;mfcribbon-ms</Extensions>
    </Filter>
    <Filter Include="headers">
      <UniqueIdentifier>{93995380-89BD-4b04-88EB-625FBE52EBFB}</UniqueIdentifier>
      <Extensions>h;hh;hpp;hxx;hm;inl;inc;xsd</Extensions>
    </Filter>
  </ItemGroup>
  <ItemGroup>
    <ClCompile Include="..\libs\getopt-for-windows\getopt.c">
      <Filter>libs\getopt</Filter>
    </ClCompile>
    <ClCompile Include="NetFlowReassemblyTool.cpp">
      <Filter>src</Filter>
    </ClCompile>
    <ClCompile Include="TcpReassembly2.cpp">
      <Filter>src</Filter>
    </ClCompile>
    <ClCompile Include="IPUtilsEx.cpp">
      <Filter>src</Filter>
    </ClCompile>
  </ItemGroup>
  <ItemGroup>
    <ClInclude Include="..\libs\getopt-for-windows\getopt.h">
      <Filter>libs\getopt</Filter>
    </ClInclude>
    <ClInclude Include="NetFlowReassembler.h">
      <Filter>src</Filter>
    </ClInclude>
    <ClInclude Include="TcpReassembly2.h">
      <Filter>src</Filter>
    </ClInclude>
    <ClInclude Include="IPUtilsEx.h">
      <Filter>src</Filter>
    </ClInclude>
  </ItemGroup>
  <ItemGroup>
    <None Include="README.md">
      <Filter>docs</Filter>
    </None>
  </ItemGroup>
</Project>